<Solution>
  <Folder Name="/src/">
    <Project Path="src/QuillForge.Core/QuillForge.Core.csproj" />
    <Project Path="src/QuillForge.Providers/QuillForge.Providers.csproj" />
    <Project Path="src/QuillForge.Storage/QuillForge.Storage.csproj" />
    <Project Path="src/QuillForge.Web/QuillForge.Web.csproj" />
  </Folder>
  <Folder Name="/tests/">
    <Project Path="tests/QuillForge.Architecture.Tests/QuillForge.Architecture.Tests.csproj" />
    <Project Path="tests/QuillForge.Core.Tests/QuillForge.Core.Tests.csproj" />
    <Project Path="tests/QuillForge.Providers.Tests/QuillForge.Providers.Tests.csproj" />
    <Project Path="tests/QuillForge.Storage.Tests/QuillForge.Storage.Tests.csproj" />
  </Folder>
</Solution>
